
Microsoft Visual Studio Solution File, Format Version 12.00
# Visual Studio Version 17
VisualStudioVersion = 17.3.32929.385
MinimumVisualStudioVersion = 10.0.40219.1
Project("{FAE04EC0-301F-11D3-BF4B-00C04F79EFBC}") = "Article_MiniWeb", "Article_MiniWeb\Article_MiniWeb.csproj", "{4FA56C99-79F7-4CE6-B7FB-B2EE7E15C72B}"
EndProject
Global
	GlobalSection(SolutionConfigurationPlatforms) = preSolution
		Debug|Any CPU = Debug|Any CPU
		Release|Any CPU = Release|Any CPU
	EndGlobalSection
	GlobalSection(ProjectConfigurationPlatforms) = postSolution
		{4FA56C99-79F7-4CE6-B7FB-B2EE7E15C72B}.Debug|Any CPU.ActiveCfg = Debug|Any CPU
		{4FA56C99-79F7-4CE6-B7FB-B2EE7E15C72B}.Debug|Any CPU.Build.0 = Debug|Any CPU
		{4FA56C99-79F7-4CE6-B7FB-B2EE7E15C72B}.Release|Any CPU.ActiveCfg = Release|Any CPU
		{4FA56C99-79F7-4CE6-B7FB-B2EE7E15C72B}.Release|Any CPU.Build.0 = Release|Any CPU
	EndGlobalSection
	GlobalSection(SolutionProperties) = preSolution
		HideSolutionNode = FALSE
	EndGlobalSection
	GlobalSection(ExtensibilityGlobals) = postSolution
		SolutionGuid = {0E4FB273-89D4-49D2-86B0-8127E12A7BBB}
	EndGlobalSection
EndGlobal
